
Microsoft Visual Studio Solution File, Format Version 12.00
# Visual Studio 14
VisualStudioVersion = 14.0.25420.1
MinimumVisualStudioVersion = 10.0.40219.1
Project("{FAE04EC0-301F-11D3-BF4B-00C04F79EFBC}") = "QuintoLAG", "QuintoLAG\QuintoLAG.csproj", "{0A8613E8-95CC-4C4B-AC77-22ED0656DF19}"
EndProject
Project("{FAE04EC0-301F-11D3-BF4B-00C04F79EFBC}") = "CATest", "CATest\CATest.csproj", "{3067FF0A-AD70-442C-9FFF-E667F2CC04E1}"
EndProject
Project("{FAE04EC0-301F-11D3-BF4B-00C04F79EFBC}") = "Utilitaires", "Utilitaires\Utilitaires.csproj", "{C24549E7-9D76-41DF-A971-0767D9F005C8}"
EndProject
Project("{FAE04EC0-301F-11D3-BF4B-00C04F79EFBC}") = "WFQuinto", "WFQuinto\WFQuinto.csproj", "{6B09A845-143C-405F-A670-FC78E289AD2F}"
EndProject
Global
	GlobalSection(SolutionConfigurationPlatforms) = preSolution
		Debug|Any CPU = Debug|Any CPU
		Release|Any CPU = Release|Any CPU
	EndGlobalSection
	GlobalSection(ProjectConfigurationPlatforms) = postSolution
		{0A8613E8-95CC-4C4B-AC77-22ED0656DF19}.Debug|Any CPU.ActiveCfg = Debug|Any CPU
		{0A8613E8-95CC-4C4B-AC77-22ED0656DF19}.Debug|Any CPU.Build.0 = Debug|Any CPU
		{0A8613E8-95CC-4C4B-AC77-22ED0656DF19}.Release|Any CPU.ActiveCfg = Release|Any CPU
		{0A8613E8-95CC-4C4B-AC77-22ED0656DF19}.Release|Any CPU.Build.0 = Release|Any CPU
		{3067FF0A-AD70-442C-9FFF-E667F2CC04E1}.Debug|Any CPU.ActiveCfg = Debug|Any CPU
		{3067FF0A-AD70-442C-9FFF-E667F2CC04E1}.Debug|Any CPU.Build.0 = Debug|Any CPU
		{3067FF0A-AD70-442C-9FFF-E667F2CC04E1}.Release|Any CPU.ActiveCfg = Release|Any CPU
		{3067FF0A-AD70-442C-9FFF-E667F2CC04E1}.Release|Any CPU.Build.0 = Release|Any CPU
		{C24549E7-9D76-41DF-A971-0767D9F005C8}.Debug|Any CPU.ActiveCfg = Debug|Any CPU
		{C24549E7-9D76-41DF-A971-0767D9F005C8}.Debug|Any CPU.Build.0 = Debug|Any CPU
		{C24549E7-9D76-41DF-A971-0767D9F005C8}.Release|Any CPU.ActiveCfg = Release|Any CPU
		{C24549E7-9D76-41DF-A971-0767D9F005C8}.Release|Any CPU.Build.0 = Release|Any CPU
		{6B09A845-143C-405F-A670-FC78E289AD2F}.Debug|Any CPU.ActiveCfg = Debug|Any CPU
		{6B09A845-143C-405F-A670-FC78E289AD2F}.Debug|Any CPU.Build.0 = Debug|Any CPU
		{6B09A845-143C-405F-A670-FC78E289AD2F}.Release|Any CPU.ActiveCfg = Release|Any CPU
		{6B09A845-143C-405F-A670-FC78E289AD2F}.Release|Any CPU.Build.0 = Release|Any CPU
	EndGlobalSection
	GlobalSection(SolutionProperties) = preSolution
		HideSolutionNode = FALSE
	EndGlobalSection
EndGlobal
